
Microsoft Visual Studio Solution File, Format Version 12.00
# Visual Studio Version 16
VisualStudioVersion = 16.0.810.22
MinimumVisualStudioVersion = 10.0.40219.1
Project("{FAE04EC0-301F-11D3-BF4B-00C04F79EFBC}") = "DamkaLogic", "DamkaGame\DamkaLogic.csproj", "{5CD529F5-65D7-4FD6-A6E0-8E231869A5B9}"
EndProject
Project("{FAE04EC0-301F-11D3-BF4B-00C04F79EFBC}") = "DamkaUI", "DamkaUI\DamkaUI.csproj", "{8380672C-72ED-4B8C-9989-B22B5DA62257}"
EndProject
Global
	GlobalSection(SolutionConfigurationPlatforms) = preSolution
		Debug|anycpu = Debug|anycpu
		Release|anycpu = Release|anycpu
	EndGlobalSection
	GlobalSection(ProjectConfigurationPlatforms) = postSolution
		{5CD529F5-65D7-4FD6-A6E0-8E231869A5B9}.Debug|anycpu.ActiveCfg = Debug|anycpu
		{5CD529F5-65D7-4FD6-A6E0-8E231869A5B9}.Debug|anycpu.Build.0 = Debug|anycpu
		{5CD529F5-65D7-4FD6-A6E0-8E231869A5B9}.Release|anycpu.ActiveCfg = Release|anycpu
		{5CD529F5-65D7-4FD6-A6E0-8E231869A5B9}.Release|anycpu.Build.0 = Release|anycpu
		{8380672C-72ED-4B8C-9989-B22B5DA62257}.Debug|anycpu.ActiveCfg = Debug|anycpu
		{8380672C-72ED-4B8C-9989-B22B5DA62257}.Debug|anycpu.Build.0 = Debug|anycpu
		{8380672C-72ED-4B8C-9989-B22B5DA62257}.Release|anycpu.ActiveCfg = Release|anycpu
		{8380672C-72ED-4B8C-9989-B22B5DA62257}.Release|anycpu.Build.0 = Release|anycpu
	EndGlobalSection
	GlobalSection(SolutionProperties) = preSolution
		HideSolutionNode = FALSE
	EndGlobalSection
	GlobalSection(ExtensibilityGlobals) = postSolution
		SolutionGuid = {6953F90E-1915-4DE7-9AA7-52B271E894B1}
	EndGlobalSection
EndGlobal
